
Microsoft Visual Studio Solution File, Format Version 12.00
# Visual Studio 14
VisualStudioVersion = 14.0.25420.1
MinimumVisualStudioVersion = 10.0.40219.1
Project("{FAE04EC0-301F-11D3-BF4B-00C04F79EFBC}") = "Cribbage_V1", "Cribbage_V1\Cribbage_V1.csproj", "{626DBAC0-1942-40E5-9338-FD806E03DDD9}"
EndProject
Global
	GlobalSection(SolutionConfigurationPlatforms) = preSolution
		Debug|Any CPU = Debug|Any CPU
		Release|Any CPU = Release|Any CPU
	EndGlobalSection
	GlobalSection(ProjectConfigurationPlatforms) = postSolution
		{626DBAC0-1942-40E5-9338-FD806E03DDD9}.Debug|Any CPU.ActiveCfg = Debug|Any CPU
		{626DBAC0-1942-40E5-9338-FD806E03DDD9}.Debug|Any CPU.Build.0 = Debug|Any CPU
		{626DBAC0-1942-40E5-9338-FD806E03DDD9}.Release|Any CPU.ActiveCfg = Release|Any CPU
		{626DBAC0-1942-40E5-9338-FD806E03DDD9}.Release|Any CPU.Build.0 = Release|Any CPU
	EndGlobalSection
	GlobalSection(SolutionProperties) = preSolution
		HideSolutionNode = FALSE
	EndGlobalSection
EndGlobal
